// !$*UTF8*$!
{
	archiveVersion = 1;
	classes = {
	};
	objectVersion = 46;
	objects = {

/* Begin PBXBuildFile section */
		2B8092FA1AB34C7F0059F89D /* libMultihop.a in Frameworks */ = {isa = PBXBuildFile; fileRef = 2B8092EE1AB34C7F0059F89D /* libMultihop.a */; };
		2B8093101AB71A750059F89D /* MHPeer.m in Sources */ = {isa = PBXBuildFile; fileRef = 2B80930F1AB71A750059F89D /* MHPeer.m */; };
		2B8093131AB726170059F89D /* MHMultipeerWrapper.m in Sources */ = {isa = PBXBuildFile; fileRef = 2B8093121AB726170059F89D /* MHMultipeerWrapper.m */; };
/* End PBXBuildFile section */

/* Begin PBXContainerItemProxy section */
		2B8092FB1AB34C7F0059F89D /* PBXContainerItemProxy */ = {
			isa = PBXContainerItemProxy;
			containerPortal = 2B8092E61AB34C7F0059F89D /* Project object */;
			proxyType = 1;
			remoteGlobalIDString = 2B8092ED1AB34C7F0059F89D;
			remoteInfo = Multihop;
		};
/* End PBXContainerItemProxy section */

/* Begin PBXCopyFilesBuildPhase section */
		2B8092EC1AB34C7F0059F89D /* CopyFiles */ = {
			isa = PBXCopyFilesBuildPhase;
			buildActionMask = 2147483647;
			dstPath = "include/$(PRODUCT_NAME)";
			dstSubfolderSpec = 16;
			files = (
			);
			runOnlyForDeploymentPostprocessing = 0;
		};
/* End PBXCopyFilesBuildPhase section */

/* Begin PBXFileReference section */
		2B8092EE1AB34C7F0059F89D /* libMultihop.a */ = {isa = PBXFileReference; explicitFileType = archive.ar; includeInIndex = 0; path = libMultihop.a; sourceTree = BUILT_PRODUCTS_DIR; };
		2B8092F91AB34C7F0059F89D /* MultihopTests.xctest */ = {isa = PBXFileReference; explicitFileType = wrapper.cfbundle; includeInIndex = 0; path = MultihopTests.xctest; sourceTree = BUILT_PRODUCTS_DIR; };
		2B8092FF1AB34C7F0059F89D /* Info.plist */ = {isa = PBXFileReference; lastKnownFileType = text.plist.xml; path = Info.plist; sourceTree = "<group>"; };
		2B80930E1AB71A580059F89D /* MHPeer.h */ = {isa = PBXFileReference; lastKnownFileType = sourcecode.c.h; path = MHPeer.h; sourceTree = "<group>"; };
		2B80930F1AB71A750059F89D /* MHPeer.m */ = {isa = PBXFileReference; fileEncoding = 4; lastKnownFileType = sourcecode.c.objc; path = MHPeer.m; sourceTree = "<group>"; };
		2B8093111AB725FF0059F89D /* MHMultipeerWrapper.h */ = {isa = PBXFileReference; lastKnownFileType = sourcecode.c.h; path = MHMultipeerWrapper.h; sourceTree = "<group>"; };
		2B8093121AB726170059F89D /* MHMultipeerWrapper.m */ = {isa = PBXFileReference; fileEncoding = 4; lastKnownFileType = sourcecode.c.objc; path = MHMultipeerWrapper.m; sourceTree = "<group>"; };
/* End PBXFileReference section */

/* Begin PBXFrameworksBuildPhase section */
		2B8092EB1AB34C7F0059F89D /* Frameworks */ = {
			isa = PBXFrameworksBuildPhase;
			buildActionMask = 2147483647;
			files = (
			);
			runOnlyForDeploymentPostprocessing = 0;
		};
		2B8092F61AB34C7F0059F89D /* Frameworks */ = {
			isa = PBXFrameworksBuildPhase;
			buildActionMask = 2147483647;
			files = (
				2B8092FA1AB34C7F0059F89D /* libMultihop.a in Frameworks */,
			);
			runOnlyForDeploymentPostprocessing = 0;
		};
/* End PBXFrameworksBuildPhase section */

/* Begin PBXGroup section */
		2B8092E51AB34C7F0059F89D = {
			isa = PBXGroup;
			children = (
				2B8092F01AB34C7F0059F89D /* Multihop */,
				2B8092FD1AB34C7F0059F89D /* MultihopTests */,
				2B8092EF1AB34C7F0059F89D /* Products */,
			);
			sourceTree = "<group>";
		};
		2B8092EF1AB34C7F0059F89D /* Products */ = {
			isa = PBXGroup;
			children = (
				2B8092EE1AB34C7F0059F89D /* libMultihop.a */,
				2B8092F91AB34C7F0059F89D /* MultihopTests.xctest */,
			);
			name = Products;
			sourceTree = "<group>";
		};
		2B8092F01AB34C7F0059F89D /* Multihop */ = {
			isa = PBXGroup;
			children = (
				2B80930A1AB718510059F89D /* Interface */,
				2B8093091AB717790059F89D /* Routing */,
				2B8093081AB7174B0059F89D /* Communication */,
			);
			path = Multihop;
			sourceTree = "<group>";
		};
		2B8092FD1AB34C7F0059F89D /* MultihopTests */ = {
			isa = PBXGroup;
			children = (
				2B8092FE1AB34C7F0059F89D /* Supporting Files */,
			);
			path = MultihopTests;
			sourceTree = "<group>";
		};
		2B8092FE1AB34C7F0059F89D /* Supporting Files */ = {
			isa = PBXGroup;
			children = (
				2B8092FF1AB34C7F0059F89D /* Info.plist */,
			);
			name = "Supporting Files";
			sourceTree = "<group>";
		};
		2B8093081AB7174B0059F89D /* Communication */ = {
			isa = PBXGroup;
			children = (
				2B80930C1AB718C40059F89D /* Peers */,
				2B80930B1AB718B80059F89D /* Messages */,
				2B8093111AB725FF0059F89D /* MHMultipeerWrapper.h */,
				2B8093121AB726170059F89D /* MHMultipeerWrapper.m */,
			);
			name = Communication;
			sourceTree = "<group>";
		};
		2B8093091AB717790059F89D /* Routing */ = {
			isa = PBXGroup;
			children = (
			);
			name = Routing;
			sourceTree = "<group>";
		};
		2B80930A1AB718510059F89D /* Interface */ = {
			isa = PBXGroup;
			children = (
			);
			name = Interface;
			sourceTree = "<group>";
		};
		2B80930B1AB718B80059F89D /* Messages */ = {
			isa = PBXGroup;
			children = (
			);
			name = Messages;
			sourceTree = "<group>";
		};
		2B80930C1AB718C40059F89D /* Peers */ = {
			isa = PBXGroup;
			children = (
				2B80930E1AB71A580059F89D /* MHPeer.h */,
				2B80930F1AB71A750059F89D /* MHPeer.m */,
			);
			name = Peers;
			sourceTree = "<group>";
		};
/* End PBXGroup section */

/* Begin PBXNativeTarget section */
		2B8092ED1AB34C7F0059F89D /* Multihop */ = {
			isa = PBXNativeTarget;
			buildConfigurationList = 2B8093021AB34C800059F89D /* Build configuration list for PBXNativeTarget "Multihop" */;
			buildPhases = (
				2B8092EA1AB34C7F0059F89D /* Sources */,
				2B8092EB1AB34C7F0059F89D /* Frameworks */,
				2B8092EC1AB34C7F0059F89D /* CopyFiles */,
			);
			buildRules = (
			);
			dependencies = (
			);
			name = Multihop;
			productName = Multihop;
			productReference = 2B8092EE1AB34C7F0059F89D /* libMultihop.a */;
			productType = "com.apple.product-type.library.static";
		};
		2B8092F81AB34C7F0059F89D /* MultihopTests */ = {
			isa = PBXNativeTarget;
			buildConfigurationList = 2B8093051AB34C800059F89D /* Build configuration list for PBXNativeTarget "MultihopTests" */;
			buildPhases = (
				2B8092F51AB34C7F0059F89D /* Sources */,
				2B8092F61AB34C7F0059F89D /* Frameworks */,
				2B8092F71AB34C7F0059F89D /* Resources */,
			);
			buildRules = (
			);
			dependencies = (
				2B8092FC1AB34C7F0059F89D /* PBXTargetDependency */,
			);
			name = MultihopTests;
			productName = MultihopTests;
			productReference = 2B8092F91AB34C7F0059F89D /* MultihopTests.xctest */;
			productType = "com.apple.product-type.bundle.unit-test";
		};
/* End PBXNativeTarget section */

/* Begin PBXProject section */
		2B8092E61AB34C7F0059F89D /* Project object */ = {
			isa = PBXProject;
			attributes = {
				LastUpgradeCheck = 0630;
				ORGANIZATIONNAME = quarta;
				TargetAttributes = {
					2B8092ED1AB34C7F0059F89D = {
						CreatedOnToolsVersion = 6.3;
					};
					2B8092F81AB34C7F0059F89D = {
						CreatedOnToolsVersion = 6.3;
						DevelopmentTeam = 8HKT3VB273;
					};
				};
			};
			buildConfigurationList = 2B8092E91AB34C7F0059F89D /* Build configuration list for PBXProject "Multihop" */;
			compatibilityVersion = "Xcode 3.2";
			developmentRegion = English;
			hasScannedForEncodings = 0;
			knownRegions = (
				en,
			);
			mainGroup = 2B8092E51AB34C7F0059F89D;
			productRefGroup = 2B8092EF1AB34C7F0059F89D /* Products */;
			projectDirPath = "";
			projectRoot = "";
			targets = (
				2B8092ED1AB34C7F0059F89D /* Multihop */,
				2B8092F81AB34C7F0059F89D /* MultihopTests */,
			);
		};
/* End PBXProject section */

/* Begin PBXResourcesBuildPhase section */
		2B8092F71AB34C7F0059F89D /* Resources */ = {
			isa = PBXResourcesBuildPhase;
			buildActionMask = 2147483647;
			files = (
			);
			runOnlyForDeploymentPostprocessing = 0;
		};
/* End PBXResourcesBuildPhase section */

/* Begin PBXSourcesBuildPhase section */
		2B8092EA1AB34C7F0059F89D /* Sources */ = {
			isa = PBXSourcesBuildPhase;
			buildActionMask = 2147483647;
			files = (
				2B8093131AB726170059F89D /* MHMultipeerWrapper.m in Sources */,
				2B8093101AB71A750059F89D /* MHPeer.m in Sources */,
			);
			runOnlyForDeploymentPostprocessing = 0;
		};
		2B8092F51AB34C7F0059F89D /* Sources */ = {
			isa = PBXSourcesBuildPhase;
			buildActionMask = 2147483647;
			files = (
			);
			runOnlyForDeploymentPostprocessing = 0;
		};
/* End PBXSourcesBuildPhase section */

/* Begin PBXTargetDependency section */
		2B8092FC1AB34C7F0059F89D /* PBXTargetDependency */ = {
			isa = PBXTargetDependency;
			target = 2B8092ED1AB34C7F0059F89D /* Multihop */;
			targetProxy = 2B8092FB1AB34C7F0059F89D /* PBXContainerItemProxy */;
		};
/* End PBXTargetDependency section */

/* Begin XCBuildConfiguration section */
		2B8093001AB34C7F0059F89D /* Debug */ = {
			isa = XCBuildConfiguration;
			buildSettings = {
				ALWAYS_SEARCH_USER_PATHS = NO;
				CLANG_CXX_LANGUAGE_STANDARD = "gnu++0x";
				CLANG_CXX_LIBRARY = "libc++";
				CLANG_ENABLE_MODULES = YES;
				CLANG_ENABLE_OBJC_ARC = YES;
				CLANG_WARN_BOOL_CONVERSION = YES;
				CLANG_WARN_CONSTANT_CONVERSION = YES;
				CLANG_WARN_DIRECT_OBJC_ISA_USAGE = YES_ERROR;
				CLANG_WARN_EMPTY_BODY = YES;
				CLANG_WARN_ENUM_CONVERSION = YES;
				CLANG_WARN_INT_CONVERSION = YES;
				CLANG_WARN_OBJC_ROOT_CLASS = YES_ERROR;
				CLANG_WARN_UNREACHABLE_CODE = YES;
				CLANG_WARN__DUPLICATE_METHOD_MATCH = YES;
				COPY_PHASE_STRIP = NO;
				DEBUG_INFORMATION_FORMAT = dwarf;
				ENABLE_STRICT_OBJC_MSGSEND = YES;
				GCC_C_LANGUAGE_STANDARD = gnu99;
				GCC_DYNAMIC_NO_PIC = NO;
				GCC_OPTIMIZATION_LEVEL = 0;
				GCC_PREPROCESSOR_DEFINITIONS = (
					"DEBUG=1",
					"$(inherited)",
				);
				GCC_SYMBOLS_PRIVATE_EXTERN = NO;
				GCC_WARN_64_TO_32_BIT_CONVERSION = YES;
				GCC_WARN_ABOUT_RETURN_TYPE = YES_ERROR;
				GCC_WARN_UNDECLARED_SELECTOR = YES;
				GCC_WARN_UNINITIALIZED_AUTOS = YES_AGGRESSIVE;
				GCC_WARN_UNUSED_FUNCTION = YES;
				GCC_WARN_UNUSED_VARIABLE = YES;
				IPHONEOS_DEPLOYMENT_TARGET = 8.3;
				MTL_ENABLE_DEBUG_INFO = YES;
				ONLY_ACTIVE_ARCH = YES;
				SDKROOT = iphoneos;
			};
			name = Debug;
		};
		2B8093011AB34C7F0059F89D /* Release */ = {
			isa = XCBuildConfiguration;
			buildSettings = {
				ALWAYS_SEARCH_USER_PATHS = NO;
				CLANG_CXX_LANGUAGE_STANDARD = "gnu++0x";
				CLANG_CXX_LIBRARY = "libc++";
				CLANG_ENABLE_MODULES = YES;
				CLANG_ENABLE_OBJC_ARC = YES;
				CLANG_WARN_BOOL_CONVERSION = YES;
				CLANG_WARN_CONSTANT_CONVERSION = YES;
				CLANG_WARN_DIRECT_OBJC_ISA_USAGE = YES_ERROR;
				CLANG_WARN_EMPTY_BODY = YES;
				CLANG_WARN_ENUM_CONVERSION = YES;
				CLANG_WARN_INT_CONVERSION = YES;
				CLANG_WARN_OBJC_ROOT_CLASS = YES_ERROR;
				CLANG_WARN_UNREACHABLE_CODE = YES;
				CLANG_WARN__DUPLICATE_METHOD_MATCH = YES;
				COPY_PHASE_STRIP = NO;
				DEBUG_INFORMATION_FORMAT = "dwarf-with-dsym";
				ENABLE_NS_ASSERTIONS = NO;
				ENABLE_STRICT_OBJC_MSGSEND = YES;
				GCC_C_LANGUAGE_STANDARD = gnu99;
				GCC_WARN_64_TO_32_BIT_CONVERSION = YES;
				GCC_WARN_ABOUT_RETURN_TYPE = YES_ERROR;
				GCC_WARN_UNDECLARED_SELECTOR = YES;
				GCC_WARN_UNINITIALIZED_AUTOS = YES_AGGRESSIVE;
				GCC_WARN_UNUSED_FUNCTION = YES;
				GCC_WARN_UNUSED_VARIABLE = YES;
				IPHONEOS_DEPLOYMENT_TARGET = 8.3;
				MTL_ENABLE_DEBUG_INFO = NO;
				SDKROOT = iphoneos;
				VALIDATE_PRODUCT = YES;
			};
			name = Release;
		};
		2B8093031AB34C800059F89D /* Debug */ = {
			isa = XCBuildConfiguration;
			buildSettings = {
				OTHER_LDFLAGS = "-ObjC";
				PRODUCT_NAME = "$(TARGET_NAME)";
				SKIP_INSTALL = YES;
			};
			name = Debug;
		};
		2B8093041AB34C800059F89D /* Release */ = {
			isa = XCBuildConfiguration;
			buildSettings = {
				OTHER_LDFLAGS = "-ObjC";
				PRODUCT_NAME = "$(TARGET_NAME)";
				SKIP_INSTALL = YES;
			};
			name = Release;
		};
		2B8093061AB34C800059F89D /* Debug */ = {
			isa = XCBuildConfiguration;
			buildSettings = {
				CODE_SIGN_IDENTITY = "iPhone Developer";
				"CODE_SIGN_IDENTITY[sdk=iphoneos*]" = "iPhone Developer";
				FRAMEWORK_SEARCH_PATHS = (
					"$(SDKROOT)/Developer/Library/Frameworks",
					"$(inherited)",
				);
				GCC_PREPROCESSOR_DEFINITIONS = (
					"DEBUG=1",
					"$(inherited)",
				);
				INFOPLIST_FILE = MultihopTests/Info.plist;
				LD_RUNPATH_SEARCH_PATHS = "$(inherited) @executable_path/Frameworks @loader_path/Frameworks";
				PRODUCT_NAME = "$(TARGET_NAME)";
				PROVISIONING_PROFILE = "";
			};
			name = Debug;
		};
		2B8093071AB34C800059F89D /* Release */ = {
			isa = XCBuildConfiguration;
			buildSettings = {
				CODE_SIGN_IDENTITY = "iPhone Developer";
				"CODE_SIGN_IDENTITY[sdk=iphoneos*]" = "iPhone Developer";
				FRAMEWORK_SEARCH_PATHS = (
					"$(SDKROOT)/Developer/Library/Frameworks",
					"$(inherited)",
				);
				INFOPLIST_FILE = MultihopTests/Info.plist;
				LD_RUNPATH_SEARCH_PATHS = "$(inherited) @executable_path/Frameworks @loader_path/Frameworks";
				PRODUCT_NAME = "$(TARGET_NAME)";
				PROVISIONING_PROFILE = "";
			};
			name = Release;
		};
/* End XCBuildConfiguration section */

/* Begin XCConfigurationList section */
		2B8092E91AB34C7F0059F89D /* Build configuration list for PBXProject "Multihop" */ = {
			isa = XCConfigurationList;
			buildConfigurations = (
				2B8093001AB34C7F0059F89D /* Debug */,
				2B8093011AB34C7F0059F89D /* Release */,
			);
			defaultConfigurationIsVisible = 0;
			defaultConfigurationName = Release;
		};
		2B8093021AB34C800059F89D /* Build configuration list for PBXNativeTarget "Multihop" */ = {
			isa = XCConfigurationList;
			buildConfigurations = (
				2B8093031AB34C800059F89D /* Debug */,
				2B8093041AB34C800059F89D /* Release */,
			);
			defaultConfigurationIsVisible = 0;
			defaultConfigurationName = Release;
		};
		2B8093051AB34C800059F89D /* Build configuration list for PBXNativeTarget "MultihopTests" */ = {
			isa = XCConfigurationList;
			buildConfigurations = (
				2B8093061AB34C800059F89D /* Debug */,
				2B8093071AB34C800059F89D /* Release */,
			);
			defaultConfigurationIsVisible = 0;
			defaultConfigurationName = Release;
		};
/* End XCConfigurationList section */
	};
	rootObject = 2B8092E61AB34C7F0059F89D /* Project object */;
}
